
Microsoft Visual Studio Solution File, Format Version 12.00
# Visual Studio Version 17
VisualStudioVersion = 17.11.35222.181
MinimumVisualStudioVersion = 10.0.40219.1
Project("{9A19103F-16F7-4668-BE54-9A1E7A4F7556}") = "ApiLocadora", "ApiLocadora.csproj", "{C8B3440E-2AE5-4E6F-A72C-D61105FDE329}"
EndProject
Global
	GlobalSection(SolutionConfigurationPlatforms) = preSolution
		Debug|Any CPU = Debug|Any CPU
		Release|Any CPU = Release|Any CPU
	EndGlobalSection
	GlobalSection(ProjectConfigurationPlatforms) = postSolution
		{C8B3440E-2AE5-4E6F-A72C-D61105FDE329}.Debug|Any CPU.ActiveCfg = Debug|Any CPU
		{C8B3440E-2AE5-4E6F-A72C-D61105FDE329}.Debug|Any CPU.Build.0 = Debug|Any CPU
		{C8B3440E-2AE5-4E6F-A72C-D61105FDE329}.Release|Any CPU.ActiveCfg = Release|Any CPU
		{C8B3440E-2AE5-4E6F-A72C-D61105FDE329}.Release|Any CPU.Build.0 = Release|Any CPU
	EndGlobalSection
	GlobalSection(SolutionProperties) = preSolution
		HideSolutionNode = FALSE
	EndGlobalSection
	GlobalSection(ExtensibilityGlobals) = postSolution
		SolutionGuid = {CF0E2C35-4A33-4D36-AB25-ABDD99B1C24A}
	EndGlobalSection
EndGlobal
